
Microsoft Visual Studio Solution File, Format Version 12.00
# Visual Studio Version 17
VisualStudioVersion = 17.14.36212.18
MinimumVisualStudioVersion = 10.0.40219.1
Project("{FAE04EC0-301F-11D3-BF4B-00C04F79EFBC}") = "AutoAlertBackEnd", "AutoAlertBackEnd.csproj", "{07DC69EA-5475-4AF0-9676-9FA0A12E4F6B}"
EndProject
Global
	GlobalSection(SolutionConfigurationPlatforms) = preSolution
		Debug|Any CPU = Debug|Any CPU
		Release|Any CPU = Release|Any CPU
	EndGlobalSection
	GlobalSection(ProjectConfigurationPlatforms) = postSolution
		{07DC69EA-5475-4AF0-9676-9FA0A12E4F6B}.Debug|Any CPU.ActiveCfg = Debug|Any CPU
		{07DC69EA-5475-4AF0-9676-9FA0A12E4F6B}.Debug|Any CPU.Build.0 = Debug|Any CPU
		{07DC69EA-5475-4AF0-9676-9FA0A12E4F6B}.Release|Any CPU.ActiveCfg = Release|Any CPU
		{07DC69EA-5475-4AF0-9676-9FA0A12E4F6B}.Release|Any CPU.Build.0 = Release|Any CPU
	EndGlobalSection
	GlobalSection(SolutionProperties) = preSolution
		HideSolutionNode = FALSE
	EndGlobalSection
	GlobalSection(ExtensibilityGlobals) = postSolution
		SolutionGuid = {EF677CE6-24AA-414E-B69C-A94F6888E93B}
	EndGlobalSection
EndGlobal
